
Microsoft Visual Studio Solution File, Format Version 12.00
# Visual Studio Version 16
VisualStudioVersion = 16.0.30503.244
MinimumVisualStudioVersion = 10.0.40219.1
Project("{FAE04EC0-301F-11D3-BF4B-00C04F79EFBC}") = "AppxPotato", "AppxPotato\AppxPotato.csproj", "{8C3FDD14-4382-4F3D-9BDB-C2311CFC6071}"
EndProject
Global
	GlobalSection(SolutionConfigurationPlatforms) = preSolution
		Debug|Any CPU = Debug|Any CPU
		Release|Any CPU = Release|Any CPU
	EndGlobalSection
	GlobalSection(ProjectConfigurationPlatforms) = postSolution
		{8C3FDD14-4382-4F3D-9BDB-C2311CFC6071}.Debug|Any CPU.ActiveCfg = Debug|Any CPU
		{8C3FDD14-4382-4F3D-9BDB-C2311CFC6071}.Debug|Any CPU.Build.0 = Debug|Any CPU
		{8C3FDD14-4382-4F3D-9BDB-C2311CFC6071}.Release|Any CPU.ActiveCfg = Release|Any CPU
		{8C3FDD14-4382-4F3D-9BDB-C2311CFC6071}.Release|Any CPU.Build.0 = Release|Any CPU
	EndGlobalSection
	GlobalSection(SolutionProperties) = preSolution
		HideSolutionNode = FALSE
	EndGlobalSection
	GlobalSection(ExtensibilityGlobals) = postSolution
		SolutionGuid = {F03B2D4F-5490-49AA-924F-FC51FE3F2058}
	EndGlobalSection
EndGlobal
